
Microsoft Visual Studio Solution File, Format Version 12.00
# Visual Studio Version 17
VisualStudioVersion = 17.0.31903.59
MinimumVisualStudioVersion = 10.0.40219.1
Project("{FAE04EC0-301F-11D3-BF4B-00C04F79EFBC}") = "LibraryManagement.Domain", "LibraryManagement.Domain\LibraryManagement.Domain.csproj", "{5D1B8B8E-B9DB-41CA-A983-999D50EE0F52}"
EndProject
Project("{FAE04EC0-301F-11D3-BF4B-00C04F79EFBC}") = "LibraryManagement.Infrastructure", "LibraryManagement.Infrastructure\LibraryManagement.Infrastructure.csproj", "{E9DD84C3-E0B8-4C9D-9AB5-FED668929746}"
EndProject
Project("{FAE04EC0-301F-11D3-BF4B-00C04F79EFBC}") = "LibraryManagement.API", "LibraryManagement.API\LibraryManagement.API.csproj", "{D4D9DA56-85CD-40D9-807D-F9F29BD4B210}"
EndProject
Global
	GlobalSection(SolutionConfigurationPlatforms) = preSolution
		Debug|Any CPU = Debug|Any CPU
		Debug|x64 = Debug|x64
		Debug|x86 = Debug|x86
		Release|Any CPU = Release|Any CPU
		Release|x64 = Release|x64
		Release|x86 = Release|x86
	EndGlobalSection
	GlobalSection(ProjectConfigurationPlatforms) = postSolution
		{5D1B8B8E-B9DB-41CA-A983-999D50EE0F52}.Debug|Any CPU.ActiveCfg = Debug|Any CPU
		{5D1B8B8E-B9DB-41CA-A983-999D50EE0F52}.Debug|Any CPU.Build.0 = Debug|Any CPU
		{5D1B8B8E-B9DB-41CA-A983-999D50EE0F52}.Debug|x64.ActiveCfg = Debug|Any CPU
		{5D1B8B8E-B9DB-41CA-A983-999D50EE0F52}.Debug|x64.Build.0 = Debug|Any CPU
		{5D1B8B8E-B9DB-41CA-A983-999D50EE0F52}.Debug|x86.ActiveCfg = Debug|Any CPU
		{5D1B8B8E-B9DB-41CA-A983-999D50EE0F52}.Debug|x86.Build.0 = Debug|Any CPU
		{5D1B8B8E-B9DB-41CA-A983-999D50EE0F52}.Release|Any CPU.ActiveCfg = Release|Any CPU
		{5D1B8B8E-B9DB-41CA-A983-999D50EE0F52}.Release|Any CPU.Build.0 = Release|Any CPU
		{5D1B8B8E-B9DB-41CA-A983-999D50EE0F52}.Release|x64.ActiveCfg = Release|Any CPU
		{5D1B8B8E-B9DB-41CA-A983-999D50EE0F52}.Release|x64.Build.0 = Release|Any CPU
		{5D1B8B8E-B9DB-41CA-A983-999D50EE0F52}.Release|x86.ActiveCfg = Release|Any CPU
		{5D1B8B8E-B9DB-41CA-A983-999D50EE0F52}.Release|x86.Build.0 = Release|Any CPU
		{E9DD84C3-E0B8-4C9D-9AB5-FED668929746}.Debug|Any CPU.ActiveCfg = Debug|Any CPU
		{E9DD84C3-E0B8-4C9D-9AB5-FED668929746}.Debug|Any CPU.Build.0 = Debug|Any CPU
		{E9DD84C3-E0B8-4C9D-9AB5-FED668929746}.Debug|x64.ActiveCfg = Debug|Any CPU
		{E9DD84C3-E0B8-4C9D-9AB5-FED668929746}.Debug|x64.Build.0 = Debug|Any CPU
		{E9DD84C3-E0B8-4C9D-9AB5-FED668929746}.Debug|x86.ActiveCfg = Debug|Any CPU
		{E9DD84C3-E0B8-4C9D-9AB5-FED668929746}.Debug|x86.Build.0 = Debug|Any CPU
		{E9DD84C3-E0B8-4C9D-9AB5-FED668929746}.Release|Any CPU.ActiveCfg = Release|Any CPU
		{E9DD84C3-E0B8-4C9D-9AB5-FED668929746}.Release|Any CPU.Build.0 = Release|Any CPU
		{E9DD84C3-E0B8-4C9D-9AB5-FED668929746}.Release|x64.ActiveCfg = Release|Any CPU
		{E9DD84C3-E0B8-4C9D-9AB5-FED668929746}.Release|x64.Build.0 = Release|Any CPU
		{E9DD84C3-E0B8-4C9D-9AB5-FED668929746}.Release|x86.ActiveCfg = Release|Any CPU
		{E9DD84C3-E0B8-4C9D-9AB5-FED668929746}.Release|x86.Build.0 = Release|Any CPU
		{D4D9DA56-85CD-40D9-807D-F9F29BD4B210}.Debug|Any CPU.ActiveCfg = Debug|Any CPU
		{D4D9DA56-85CD-40D9-807D-F9F29BD4B210}.Debug|Any CPU.Build.0 = Debug|Any CPU
		{D4D9DA56-85CD-40D9-807D-F9F29BD4B210}.Debug|x64.ActiveCfg = Debug|Any CPU
		{D4D9DA56-85CD-40D9-807D-F9F29BD4B210}.Debug|x64.Build.0 = Debug|Any CPU
		{D4D9DA56-85CD-40D9-807D-F9F29BD4B210}.Debug|x86.ActiveCfg = Debug|Any CPU
		{D4D9DA56-85CD-40D9-807D-F9F29BD4B210}.Debug|x86.Build.0 = Debug|Any CPU
		{D4D9DA56-85CD-40D9-807D-F9F29BD4B210}.Release|Any CPU.ActiveCfg = Release|Any CPU
		{D4D9DA56-85CD-40D9-807D-F9F29BD4B210}.Release|Any CPU.Build.0 = Release|Any CPU
		{D4D9DA56-85CD-40D9-807D-F9F29BD4B210}.Release|x64.ActiveCfg = Release|Any CPU
		{D4D9DA56-85CD-40D9-807D-F9F29BD4B210}.Release|x64.Build.0 = Release|Any CPU
		{D4D9DA56-85CD-40D9-807D-F9F29BD4B210}.Release|x86.ActiveCfg = Release|Any CPU
		{D4D9DA56-85CD-40D9-807D-F9F29BD4B210}.Release|x86.Build.0 = Release|Any CPU
	EndGlobalSection
	GlobalSection(SolutionProperties) = preSolution
		HideSolutionNode = FALSE
	EndGlobalSection
EndGlobal
